
Microsoft Visual Studio Solution File, Format Version 12.00
# Visual Studio Version 17
VisualStudioVersion = 17.9.34622.214
MinimumVisualStudioVersion = 10.0.40219.1
Project("{FAE04EC0-301F-11D3-BF4B-00C04F79EFBC}") = "Calculadora-Parser", "Calculadora-Parser.csproj", "{FA970870-08DD-4E74-AE6D-FA61CC3E4EAE}"
EndProject
Global
	GlobalSection(SolutionConfigurationPlatforms) = preSolution
		Debug|Any CPU = Debug|Any CPU
		Release|Any CPU = Release|Any CPU
	EndGlobalSection
	GlobalSection(ProjectConfigurationPlatforms) = postSolution
		{FA970870-08DD-4E74-AE6D-FA61CC3E4EAE}.Debug|Any CPU.ActiveCfg = Debug|Any CPU
		{FA970870-08DD-4E74-AE6D-FA61CC3E4EAE}.Debug|Any CPU.Build.0 = Debug|Any CPU
		{FA970870-08DD-4E74-AE6D-FA61CC3E4EAE}.Release|Any CPU.ActiveCfg = Release|Any CPU
		{FA970870-08DD-4E74-AE6D-FA61CC3E4EAE}.Release|Any CPU.Build.0 = Release|Any CPU
	EndGlobalSection
	GlobalSection(SolutionProperties) = preSolution
		HideSolutionNode = FALSE
	EndGlobalSection
	GlobalSection(ExtensibilityGlobals) = postSolution
		SolutionGuid = {CFDA43E8-CD97-44CA-B7CF-66616053547A}
	EndGlobalSection
EndGlobal
